
Microsoft Visual Studio Solution File, Format Version 12.00
# Visual Studio 14
VisualStudioVersion = 14.0.24720.0
MinimumVisualStudioVersion = 10.0.40219.1
Project("{FAE04EC0-301F-11D3-BF4B-00C04F79EFBC}") = "Api", "Api\Api.csproj", "{E7EFC4FE-6857-4C74-BA5D-1D0305B5BE76}"
EndProject
Project("{FAE04EC0-301F-11D3-BF4B-00C04F79EFBC}") = "Api.Tests", "Api.Tests\Api.Tests.csproj", "{625CBB1F-440C-45BC-A857-E75460E6BE0F}"
EndProject
Project("{FAE04EC0-301F-11D3-BF4B-00C04F79EFBC}") = "Web", "Web\Web.csproj", "{8C93E25D-FE62-49FC-AA61-098356A4F30C}"
EndProject
Project("{2150E333-8FDC-42A3-9474-1A3956D46DE8}") = "Negocio", "Negocio", "{1E9DE9A6-018C-4C99-B1EA-59614CBBF420}"
EndProject
Project("{FAE04EC0-301F-11D3-BF4B-00C04F79EFBC}") = "Modelo", "Negocio\Modelo\Modelo.csproj", "{354EC486-796E-474B-BAE1-456571172ED9}"
EndProject
Project("{FAE04EC0-301F-11D3-BF4B-00C04F79EFBC}") = "Servicios", "Servicios\Servicios.csproj", "{94140D44-8000-4620-A57F-D68DC684CC27}"
EndProject
Project("{2150E333-8FDC-42A3-9474-1A3956D46DE8}") = "Datos", "Datos", "{A6DC5F5D-DE72-4524-A3C3-C43AC635EB82}"
EndProject
Project("{FAE04EC0-301F-11D3-BF4B-00C04F79EFBC}") = "Repositorios", "Datos\Repositorios\Repositorios.csproj", "{5EF3B15A-DCCA-47A1-9E69-35A1A284E7B7}"
EndProject
Project("{2150E333-8FDC-42A3-9474-1A3956D46DE8}") = "Infraestructura", "Infraestructura", "{D347AD39-4511-4893-948E-290472128C77}"
EndProject
Project("{FAE04EC0-301F-11D3-BF4B-00C04F79EFBC}") = "Mapeos", "Mapeos\Mapeos.csproj", "{8D197F0A-4355-4DF3-B7ED-22E9C36606D8}"
EndProject
Project("{FAE04EC0-301F-11D3-BF4B-00C04F79EFBC}") = "Core", "Infraestructura\Core\Core.csproj", "{A4DB8D98-D5C8-4123-9AA1-EE763D8D127E}"
EndProject
Project("{FAE04EC0-301F-11D3-BF4B-00C04F79EFBC}") = "Core.Datos", "Infraestructura\Core.Datos\Core.Datos.csproj", "{5F697A57-685E-45C4-BBB0-34C16007D80A}"
EndProject
Global
	GlobalSection(SolutionConfigurationPlatforms) = preSolution
		Debug|Any CPU = Debug|Any CPU
		Release|Any CPU = Release|Any CPU
	EndGlobalSection
	GlobalSection(ProjectConfigurationPlatforms) = postSolution
		{E7EFC4FE-6857-4C74-BA5D-1D0305B5BE76}.Debug|Any CPU.ActiveCfg = Debug|Any CPU
		{E7EFC4FE-6857-4C74-BA5D-1D0305B5BE76}.Debug|Any CPU.Build.0 = Debug|Any CPU
		{E7EFC4FE-6857-4C74-BA5D-1D0305B5BE76}.Release|Any CPU.ActiveCfg = Release|Any CPU
		{E7EFC4FE-6857-4C74-BA5D-1D0305B5BE76}.Release|Any CPU.Build.0 = Release|Any CPU
		{625CBB1F-440C-45BC-A857-E75460E6BE0F}.Debug|Any CPU.ActiveCfg = Debug|Any CPU
		{625CBB1F-440C-45BC-A857-E75460E6BE0F}.Debug|Any CPU.Build.0 = Debug|Any CPU
		{625CBB1F-440C-45BC-A857-E75460E6BE0F}.Release|Any CPU.ActiveCfg = Release|Any CPU
		{625CBB1F-440C-45BC-A857-E75460E6BE0F}.Release|Any CPU.Build.0 = Release|Any CPU
		{8C93E25D-FE62-49FC-AA61-098356A4F30C}.Debug|Any CPU.ActiveCfg = Debug|Any CPU
		{8C93E25D-FE62-49FC-AA61-098356A4F30C}.Debug|Any CPU.Build.0 = Debug|Any CPU
		{8C93E25D-FE62-49FC-AA61-098356A4F30C}.Release|Any CPU.ActiveCfg = Release|Any CPU
		{8C93E25D-FE62-49FC-AA61-098356A4F30C}.Release|Any CPU.Build.0 = Release|Any CPU
		{354EC486-796E-474B-BAE1-456571172ED9}.Debug|Any CPU.ActiveCfg = Debug|Any CPU
		{354EC486-796E-474B-BAE1-456571172ED9}.Debug|Any CPU.Build.0 = Debug|Any CPU
		{354EC486-796E-474B-BAE1-456571172ED9}.Release|Any CPU.ActiveCfg = Release|Any CPU
		{354EC486-796E-474B-BAE1-456571172ED9}.Release|Any CPU.Build.0 = Release|Any CPU
		{94140D44-8000-4620-A57F-D68DC684CC27}.Debug|Any CPU.ActiveCfg = Debug|Any CPU
		{94140D44-8000-4620-A57F-D68DC684CC27}.Debug|Any CPU.Build.0 = Debug|Any CPU
		{94140D44-8000-4620-A57F-D68DC684CC27}.Release|Any CPU.ActiveCfg = Release|Any CPU
		{94140D44-8000-4620-A57F-D68DC684CC27}.Release|Any CPU.Build.0 = Release|Any CPU
		{5EF3B15A-DCCA-47A1-9E69-35A1A284E7B7}.Debug|Any CPU.ActiveCfg = Debug|Any CPU
		{5EF3B15A-DCCA-47A1-9E69-35A1A284E7B7}.Debug|Any CPU.Build.0 = Debug|Any CPU
		{5EF3B15A-DCCA-47A1-9E69-35A1A284E7B7}.Release|Any CPU.ActiveCfg = Release|Any CPU
		{5EF3B15A-DCCA-47A1-9E69-35A1A284E7B7}.Release|Any CPU.Build.0 = Release|Any CPU
		{8D197F0A-4355-4DF3-B7ED-22E9C36606D8}.Debug|Any CPU.ActiveCfg = Debug|Any CPU
		{8D197F0A-4355-4DF3-B7ED-22E9C36606D8}.Debug|Any CPU.Build.0 = Debug|Any CPU
		{8D197F0A-4355-4DF3-B7ED-22E9C36606D8}.Release|Any CPU.ActiveCfg = Release|Any CPU
		{8D197F0A-4355-4DF3-B7ED-22E9C36606D8}.Release|Any CPU.Build.0 = Release|Any CPU
		{A4DB8D98-D5C8-4123-9AA1-EE763D8D127E}.Debug|Any CPU.ActiveCfg = Debug|Any CPU
		{A4DB8D98-D5C8-4123-9AA1-EE763D8D127E}.Debug|Any CPU.Build.0 = Debug|Any CPU
		{A4DB8D98-D5C8-4123-9AA1-EE763D8D127E}.Release|Any CPU.ActiveCfg = Release|Any CPU
		{A4DB8D98-D5C8-4123-9AA1-EE763D8D127E}.Release|Any CPU.Build.0 = Release|Any CPU
		{5F697A57-685E-45C4-BBB0-34C16007D80A}.Debug|Any CPU.ActiveCfg = Debug|Any CPU
		{5F697A57-685E-45C4-BBB0-34C16007D80A}.Debug|Any CPU.Build.0 = Debug|Any CPU
		{5F697A57-685E-45C4-BBB0-34C16007D80A}.Release|Any CPU.ActiveCfg = Release|Any CPU
		{5F697A57-685E-45C4-BBB0-34C16007D80A}.Release|Any CPU.Build.0 = Release|Any CPU
	EndGlobalSection
	GlobalSection(SolutionProperties) = preSolution
		HideSolutionNode = FALSE
	EndGlobalSection
	GlobalSection(NestedProjects) = preSolution
		{354EC486-796E-474B-BAE1-456571172ED9} = {1E9DE9A6-018C-4C99-B1EA-59614CBBF420}
		{94140D44-8000-4620-A57F-D68DC684CC27} = {1E9DE9A6-018C-4C99-B1EA-59614CBBF420}
		{5EF3B15A-DCCA-47A1-9E69-35A1A284E7B7} = {A6DC5F5D-DE72-4524-A3C3-C43AC635EB82}
		{8D197F0A-4355-4DF3-B7ED-22E9C36606D8} = {A6DC5F5D-DE72-4524-A3C3-C43AC635EB82}
		{A4DB8D98-D5C8-4123-9AA1-EE763D8D127E} = {D347AD39-4511-4893-948E-290472128C77}
		{5F697A57-685E-45C4-BBB0-34C16007D80A} = {D347AD39-4511-4893-948E-290472128C77}
	EndGlobalSection
EndGlobal
